
Microsoft Visual Studio Solution File, Format Version 12.00
# Visual Studio Version 17
VisualStudioVersion = 17.14.36518.9 d17.14
MinimumVisualStudioVersion = 10.0.40219.1
Project("{FAE04EC0-301F-11D3-BF4B-00C04F79EFBC}") = "kuleSavunmaOyunu", "kuleSavunmaOyunu\kuleSavunmaOyunu.csproj", "{B627AE9B-868C-465C-B4C6-0D54346DAA5B}"
EndProject
Global
	GlobalSection(SolutionConfigurationPlatforms) = preSolution
		Debug|Any CPU = Debug|Any CPU
		Release|Any CPU = Release|Any CPU
	EndGlobalSection
	GlobalSection(ProjectConfigurationPlatforms) = postSolution
		{B627AE9B-868C-465C-B4C6-0D54346DAA5B}.Debug|Any CPU.ActiveCfg = Debug|Any CPU
		{B627AE9B-868C-465C-B4C6-0D54346DAA5B}.Debug|Any CPU.Build.0 = Debug|Any CPU
		{B627AE9B-868C-465C-B4C6-0D54346DAA5B}.Release|Any CPU.ActiveCfg = Release|Any CPU
		{B627AE9B-868C-465C-B4C6-0D54346DAA5B}.Release|Any CPU.Build.0 = Release|Any CPU
	EndGlobalSection
	GlobalSection(SolutionProperties) = preSolution
		HideSolutionNode = FALSE
	EndGlobalSection
	GlobalSection(ExtensibilityGlobals) = postSolution
		SolutionGuid = {73566C03-F793-4BB4-A5B6-1465C408C89F}
	EndGlobalSection
EndGlobal
